
Microsoft Visual Studio Solution File, Format Version 9.00
# Visual Studio 2005
Project("{8BC9CEB8-8B4A-11D0-8D11-00A0C91BC942}") = "hexplanet", "hexplanet.vcproj", "{B11F34D1-43DB-46B6-8F7B-83600EEB7245}"
EndProject
Global
	GlobalSection(SolutionConfigurationPlatforms) = preSolution
		Debug|Win32 = Debug|Win32
		Release|Win32 = Release|Win32
	EndGlobalSection
	GlobalSection(ProjectConfigurationPlatforms) = postSolution
		{B11F34D1-43DB-46B6-8F7B-83600EEB7245}.Debug|Win32.ActiveCfg = Debug|Win32
		{B11F34D1-43DB-46B6-8F7B-83600EEB7245}.Debug|Win32.Build.0 = Debug|Win32
		{B11F34D1-43DB-46B6-8F7B-83600EEB7245}.Release|Win32.ActiveCfg = Release|Win32
		{B11F34D1-43DB-46B6-8F7B-83600EEB7245}.Release|Win32.Build.0 = Release|Win32
	EndGlobalSection
	GlobalSection(SolutionProperties) = preSolution
		HideSolutionNode = FALSE
	EndGlobalSection
EndGlobal
